
Microsoft Visual Studio Solution File, Format Version 12.00
# Visual Studio Version 17
VisualStudioVersion = 17.5.002.0
MinimumVisualStudioVersion = 10.0.40219.1
Project("{9A19103F-16F7-4668-BE54-9A1E7A4F7556}") = "BudgetTracker.Database", "BudgetTracker.Database.csproj", "{F6E237C4-0261-4F27-8704-972EBAA9BE03}"
EndProject
Global
	GlobalSection(SolutionConfigurationPlatforms) = preSolution
		Debug|Any CPU = Debug|Any CPU
		Release|Any CPU = Release|Any CPU
	EndGlobalSection
	GlobalSection(ProjectConfigurationPlatforms) = postSolution
		{F6E237C4-0261-4F27-8704-972EBAA9BE03}.Debug|Any CPU.ActiveCfg = Debug|Any CPU
		{F6E237C4-0261-4F27-8704-972EBAA9BE03}.Debug|Any CPU.Build.0 = Debug|Any CPU
		{F6E237C4-0261-4F27-8704-972EBAA9BE03}.Release|Any CPU.ActiveCfg = Release|Any CPU
		{F6E237C4-0261-4F27-8704-972EBAA9BE03}.Release|Any CPU.Build.0 = Release|Any CPU
	EndGlobalSection
	GlobalSection(SolutionProperties) = preSolution
		HideSolutionNode = FALSE
	EndGlobalSection
	GlobalSection(ExtensibilityGlobals) = postSolution
		SolutionGuid = {5CF28ED3-1182-46FE-9BA6-FEE53CECF33B}
	EndGlobalSection
EndGlobal
